lockfileVersion: '9.0'

settings:
  autoInstallPeers: true
  excludeLinksFromLockfile: false

importers:

  .:
    dependencies:
      '@niicojs/excel':
        specifier: ^0.3.4
        version: 0.3.4
    devDependencies:
      '@types/node':
        specifier: ^25.5.0
        version: 25.5.0

packages:

  '@niicojs/excel@0.3.4':
    resolution: {integrity: sha512-tn+E9lAfofaNtC42YX5U3HS044rsdpeDjnhElEnI0msMLUMQ/5lDKUvDQzWfEVpEVEJH7tcq0nWY/7iCntR+JQ==}
    engines: {node: '>=20'}

  '@types/node@25.5.0':
    resolution: {integrity: sha512-jp2P3tQMSxWugkCUKLRPVUpGaL5MVFwF8RDuSRztfwgN1wmqJeMSbKlnEtQqU8UrhTmzEmZdu2I6v2dpp7XIxw==}

  fast-xml-builder@1.1.3:
    resolution: {integrity: sha512-1o60KoFw2+LWKQu3IdcfcFlGTW4dpqEWmjhYec6H82AYZU2TVBXep6tMl8Z1Y+wM+ZrzCwe3BZ9Vyd9N2rIvmg==}

  fast-xml-parser@5.5.5:
    resolution: {integrity: sha512-NLY+V5NNbdmiEszx9n14mZBseJTC50bRq1VHsaxOmR72JDuZt+5J1Co+dC/4JPnyq+WrIHNM69r0sqf7BMb3Mg==}
    hasBin: true

  fflate@0.8.2:
    resolution: {integrity: sha512-cPJU47OaAoCbg0pBvzsgpTPhmhqI5eJjh/JIu8tPj5q+T7iLvW/JAYUqmE7KOB4R1ZyEhzBaIQpQpardBF5z8A==}

  path-expression-matcher@1.1.3:
    resolution: {integrity: sha512-qdVgY8KXmVdJZRSS1JdEPOKPdTiEK/pi0RkcT2sw1RhXxohdujUlJFPuS1TSkevZ9vzd3ZlL7ULl1MHGTApKzQ==}
    engines: {node: '>=14.0.0'}

  strnum@2.2.0:
    resolution: {integrity: sha512-Y7Bj8XyJxnPAORMZj/xltsfo55uOiyHcU2tnAVzHUnSJR/KsEX+9RoDeXEnsXtl/CX4fAcrt64gZ13aGaWPeBg==}

  undici-types@7.18.2:
    resolution: {integrity: sha512-AsuCzffGHJybSaRrmr5eHr81mwJU3kjw6M+uprWvCXiNeN9SOGwQ3Jn8jb8m3Z6izVgknn1R0FTCEAP2QrLY/w==}

snapshots:

  '@niicojs/excel@0.3.4':
    dependencies:
      fast-xml-parser: 5.5.5
      fflate: 0.8.2

  '@types/node@25.5.0':
    dependencies:
      undici-types: 7.18.2

  fast-xml-builder@1.1.3:
    dependencies:
      path-expression-matcher: 1.1.3

  fast-xml-parser@5.5.5:
    dependencies:
      fast-xml-builder: 1.1.3
      path-expression-matcher: 1.1.3
      strnum: 2.2.0

  fflate@0.8.2: {}

  path-expression-matcher@1.1.3: {}

  strnum@2.2.0: {}

  undici-types@7.18.2: {}
